
Microsoft Visual Studio Solution File, Format Version 12.00
# Visual Studio Version 17
VisualStudioVersion = 17.2.32602.215
MinimumVisualStudioVersion = 10.0.40219.1
Project("{FAE04EC0-301F-11D3-BF4B-00C04F79EFBC}") = "Sumera Travel", "Sumera Travel.csproj", "{549A1989-31C9-4E21-B3B0-70CCD8C9C406}"
EndProject
Global
	GlobalSection(SolutionConfigurationPlatforms) = preSolution
		Debug|Any CPU = Debug|Any CPU
		Release|Any CPU = Release|Any CPU
	EndGlobalSection
	GlobalSection(ProjectConfigurationPlatforms) = postSolution
		{549A1989-31C9-4E21-B3B0-70CCD8C9C406}.Debug|Any CPU.ActiveCfg = Debug|Any CPU
		{549A1989-31C9-4E21-B3B0-70CCD8C9C406}.Debug|Any CPU.Build.0 = Debug|Any CPU
		{549A1989-31C9-4E21-B3B0-70CCD8C9C406}.Release|Any CPU.ActiveCfg = Release|Any CPU
		{549A1989-31C9-4E21-B3B0-70CCD8C9C406}.Release|Any CPU.Build.0 = Release|Any CPU
	EndGlobalSection
	GlobalSection(SolutionProperties) = preSolution
		HideSolutionNode = FALSE
	EndGlobalSection
	GlobalSection(ExtensibilityGlobals) = postSolution
		SolutionGuid = {BBCFEE99-1C2B-44F1-8792-43DC7C02A501}
	EndGlobalSection
EndGlobal
